
Microsoft Visual Studio Solution File, Format Version 12.00
# Visual Studio Version 16
VisualStudioVersion = 16.0.30907.101
MinimumVisualStudioVersion = 10.0.40219.1
Project("{FAE04EC0-301F-11D3-BF4B-00C04F79EFBC}") = "WindowsFormsApp1", "WindowsFormsApp1\WindowsFormsApp1.csproj", "{B889D7F3-8E2D-4378-ABB6-959D806716D8}"
EndProject
Global
	GlobalSection(SolutionConfigurationPlatforms) = preSolution
		Debug|Any CPU = Debug|Any CPU
		Release|Any CPU = Release|Any CPU
	EndGlobalSection
	GlobalSection(ProjectConfigurationPlatforms) = postSolution
		{B889D7F3-8E2D-4378-ABB6-959D806716D8}.Debug|Any CPU.ActiveCfg = Debug|Any CPU
		{B889D7F3-8E2D-4378-ABB6-959D806716D8}.Debug|Any CPU.Build.0 = Debug|Any CPU
		{B889D7F3-8E2D-4378-ABB6-959D806716D8}.Release|Any CPU.ActiveCfg = Release|Any CPU
		{B889D7F3-8E2D-4378-ABB6-959D806716D8}.Release|Any CPU.Build.0 = Release|Any CPU
	EndGlobalSection
	GlobalSection(SolutionProperties) = preSolution
		HideSolutionNode = FALSE
	EndGlobalSection
	GlobalSection(ExtensibilityGlobals) = postSolution
		SolutionGuid = {B6984BCB-FF11-40C3-9C66-C5F2108EB104}
	EndGlobalSection
EndGlobal
